
Microsoft Visual Studio Solution File, Format Version 12.00
# Visual Studio Version 17
VisualStudioVersion = 17.11.35312.102
MinimumVisualStudioVersion = 10.0.40219.1
Project("{9A19103F-16F7-4668-BE54-9A1E7A4F7556}") = "MovieScheduleApp", "MovieScheduleApp.csproj", "{60E4DDFE-AAE3-46BB-9419-07D4CCE65C44}"
EndProject
Global
	GlobalSection(SolutionConfigurationPlatforms) = preSolution
		Debug|Any CPU = Debug|Any CPU
		Release|Any CPU = Release|Any CPU
	EndGlobalSection
	GlobalSection(ProjectConfigurationPlatforms) = postSolution
		{60E4DDFE-AAE3-46BB-9419-07D4CCE65C44}.Debug|Any CPU.ActiveCfg = Debug|Any CPU
		{60E4DDFE-AAE3-46BB-9419-07D4CCE65C44}.Debug|Any CPU.Build.0 = Debug|Any CPU
		{60E4DDFE-AAE3-46BB-9419-07D4CCE65C44}.Release|Any CPU.ActiveCfg = Release|Any CPU
		{60E4DDFE-AAE3-46BB-9419-07D4CCE65C44}.Release|Any CPU.Build.0 = Release|Any CPU
	EndGlobalSection
	GlobalSection(SolutionProperties) = preSolution
		HideSolutionNode = FALSE
	EndGlobalSection
	GlobalSection(ExtensibilityGlobals) = postSolution
		SolutionGuid = {E0978022-5813-4DED-9A69-4F8C97B21CFF}
	EndGlobalSection
EndGlobal
